{
  "version": 4,
  "terraform_version": "1.13.4",
  "serial": 9,
  "lineage": "c4712157-0eeb-d61f-d378-95f1967f73e9",
  "outputs": {
    "name": {
      "value": "P29VqIFaWlI",
      "type": "string"
    }
  },
  "resources": [
    {
      "mode": "managed",
      "type": "random_id",
      "name": "rand-id",
      "provider": "provider[\"registry.terraform.io/hashicorp/random\"]",
      "instances": [
        {
          "schema_version": 0,
          "attributes": {
            "b64_std": "P29VqIFaWlI=",
            "b64_url": "P29VqIFaWlI",
            "byte_length": 8,
            "dec": "4570966329017391698",
            "hex": "3f6f55a8815a5a52",
            "id": "P29VqIFaWlI",
            "keepers": null,
            "prefix": null
          },
          "sensitive_attributes": [],
          "identity_schema_version": 0
        }
      ]
    }
  ],
  "check_results": null
}
